
Microsoft Visual Studio Solution File, Format Version 12.00
# Visual Studio Version 17
VisualStudioVersion = 17.5.002.0
MinimumVisualStudioVersion = 10.0.40219.1
Project("{9A19103F-16F7-4668-BE54-9A1E7A4F7556}") = "HackUTD2025API", "HackUTD2025API.csproj", "{CB3C9891-BCB6-4D48-8C86-4D66C432451E}"
EndProject
Global
	GlobalSection(SolutionConfigurationPlatforms) = preSolution
		Debug|Any CPU = Debug|Any CPU
		Release|Any CPU = Release|Any CPU
	EndGlobalSection
	GlobalSection(ProjectConfigurationPlatforms) = postSolution
		{CB3C9891-BCB6-4D48-8C86-4D66C432451E}.Debug|Any CPU.ActiveCfg = Debug|Any CPU
		{CB3C9891-BCB6-4D48-8C86-4D66C432451E}.Debug|Any CPU.Build.0 = Debug|Any CPU
		{CB3C9891-BCB6-4D48-8C86-4D66C432451E}.Release|Any CPU.ActiveCfg = Release|Any CPU
		{CB3C9891-BCB6-4D48-8C86-4D66C432451E}.Release|Any CPU.Build.0 = Release|Any CPU
	EndGlobalSection
	GlobalSection(SolutionProperties) = preSolution
		HideSolutionNode = FALSE
	EndGlobalSection
	GlobalSection(ExtensibilityGlobals) = postSolution
		SolutionGuid = {09EABB1C-DA35-4628-8D84-4E2D432E7CA7}
	EndGlobalSection
EndGlobal
